
Microsoft Visual Studio Solution File, Format Version 12.00
# Visual Studio 15
VisualStudioVersion = 15.0.27130.2027
MinimumVisualStudioVersion = 10.0.40219.1
Project("{888888A0-9F3D-457C-B088-3A5042F75D52}") = "Backtradertrial", "Backtradertrial.pyproj", "{4A3F4AFD-6317-4053-BFCE-7D76EF176426}"
EndProject
Global
	GlobalSection(SolutionConfigurationPlatforms) = preSolution
		Debug|Any CPU = Debug|Any CPU
		Release|Any CPU = Release|Any CPU
	EndGlobalSection
	GlobalSection(ProjectConfigurationPlatforms) = postSolution
		{4A3F4AFD-6317-4053-BFCE-7D76EF176426}.Debug|Any CPU.ActiveCfg = Debug|Any CPU
		{4A3F4AFD-6317-4053-BFCE-7D76EF176426}.Release|Any CPU.ActiveCfg = Release|Any CPU
	EndGlobalSection
	GlobalSection(SolutionProperties) = preSolution
		HideSolutionNode = FALSE
	EndGlobalSection
	GlobalSection(ExtensibilityGlobals) = postSolution
		SolutionGuid = {51FF63F7-721C-49E9-9793-3081435B755D}
	EndGlobalSection
EndGlobal
